// !$*UTF8*$!
{
	archiveVersion = 1;
	classes = {
	};
	objectVersion = 50;
	objects = {

/* Begin PBXBuildFile section */
		FB80B0FD26EC985C0022C225 /* FructusApp.swift in Sources */ = {isa = PBXBuildFile; fileRef = FB80B0FC26EC985C0022C225 /* FructusApp.swift */; };
		FB80B0FF26EC985C0022C225 /* ContentView.swift in Sources */ = {isa = PBXBuildFile; fileRef = FB80B0FE26EC985C0022C225 /* ContentView.swift */; };
		FB80B10126EC985F0022C225 /* Assets.xcassets in Resources */ = {isa = PBXBuildFile; fileRef = FB80B10026EC985F0022C225 /* Assets.xcassets */; };
		FB80B10426EC985F0022C225 /* Preview Assets.xcassets in Resources */ = {isa = PBXBuildFile; fileRef = FB80B10326EC985F0022C225 /* Preview Assets.xcassets */; };
		FB80B10C26EC9F380022C225 /* FruitCardView.swift in Sources */ = {isa = PBXBuildFile; fileRef = FB80B10B26EC9F380022C225 /* FruitCardView.swift */; };
		FB80B11026ECA8600022C225 /* StartButtonView.swift in Sources */ = {isa = PBXBuildFile; fileRef = FB80B10F26ECA8600022C225 /* StartButtonView.swift */; };
		FB80B11226ECABF70022C225 /* OnboardingView.swift in Sources */ = {isa = PBXBuildFile; fileRef = FB80B11126ECABF70022C225 /* OnboardingView.swift */; };
		FBC7811126ED96DB0044668A /* FruitModel.swift in Sources */ = {isa = PBXBuildFile; fileRef = FBC7811026ED96DB0044668A /* FruitModel.swift */; };
		FBC7811426ED985A0044668A /* FruitData.swift in Sources */ = {isa = PBXBuildFile; fileRef = FBC7811326ED985A0044668A /* FruitData.swift */; };
		FBC7811726EDA9040044668A /* FruitRowView.swift in Sources */ = {isa = PBXBuildFile; fileRef = FBC7811626EDA9040044668A /* FruitRowView.swift */; };
		FBC7811926EDAE180044668A /* FruitDetailView.swift in Sources */ = {isa = PBXBuildFile; fileRef = FBC7811826EDAE180044668A /* FruitDetailView.swift */; };
		FBC7811B26EDB1DE0044668A /* FruitHeaderView.swift in Sources */ = {isa = PBXBuildFile; fileRef = FBC7811A26EDB1DE0044668A /* FruitHeaderView.swift */; };
		FBC7811D26EDB5AD0044668A /* SourceLinkView.swift in Sources */ = {isa = PBXBuildFile; fileRef = FBC7811C26EDB5AD0044668A /* SourceLinkView.swift */; };
/* End PBXBuildFile section */

/* Begin PBXFileReference section */
		FB80B0F926EC985C0022C225 /* Fructus.app */ = {isa = PBXFileReference; explicitFileType = wrapper.application; includeInIndex = 0; path = Fructus.app; sourceTree = BUILT_PRODUCTS_DIR; };
		FB80B0FC26EC985C0022C225 /* FructusApp.swift */ = {isa = PBXFileReference; lastKnownFileType = sourcecode.swift; path = FructusApp.swift; sourceTree = "<group>"; };
		FB80B0FE26EC985C0022C225 /* ContentView.swift */ = {isa = PBXFileReference; lastKnownFileType = sourcecode.swift; path = ContentView.swift; sourceTree = "<group>"; };
		FB80B10026EC985F0022C225 /* Assets.xcassets */ = {isa = PBXFileReference; lastKnownFileType = folder.assetcatalog; path = Assets.xcassets; sourceTree = "<group>"; };
		FB80B10326EC985F0022C225 /* Preview Assets.xcassets */ = {isa = PBXFileReference; lastKnownFileType = folder.assetcatalog; path = "Preview Assets.xcassets"; sourceTree = "<group>"; };
		FB80B10526EC985F0022C225 /* Info.plist */ = {isa = PBXFileReference; lastKnownFileType = text.plist.xml; path = Info.plist; sourceTree = "<group>"; };
		FB80B10B26EC9F380022C225 /* FruitCardView.swift */ = {isa = PBXFileReference; lastKnownFileType = sourcecode.swift; path = FruitCardView.swift; sourceTree = "<group>"; };
		FB80B10F26ECA8600022C225 /* StartButtonView.swift */ = {isa = PBXFileReference; lastKnownFileType = sourcecode.swift; path = StartButtonView.swift; sourceTree = "<group>"; };
		FB80B11126ECABF70022C225 /* OnboardingView.swift */ = {isa = PBXFileReference; lastKnownFileType = sourcecode.swift; path = OnboardingView.swift; sourceTree = "<group>"; };
		FBC7811026ED96DB0044668A /* FruitModel.swift */ = {isa = PBXFileReference; lastKnownFileType = sourcecode.swift; path = FruitModel.swift; sourceTree = "<group>"; };
		FBC7811326ED985A0044668A /* FruitData.swift */ = {isa = PBXFileReference; lastKnownFileType = sourcecode.swift; path = FruitData.swift; sourceTree = "<group>"; };
		FBC7811626EDA9040044668A /* FruitRowView.swift */ = {isa = PBXFileReference; lastKnownFileType = sourcecode.swift; path = FruitRowView.swift; sourceTree = "<group>"; };
		FBC7811826EDAE180044668A /* FruitDetailView.swift */ = {isa = PBXFileReference; lastKnownFileType = sourcecode.swift; path = FruitDetailView.swift; sourceTree = "<group>"; };
		FBC7811A26EDB1DE0044668A /* FruitHeaderView.swift */ = {isa = PBXFileReference; lastKnownFileType = sourcecode.swift; path = FruitHeaderView.swift; sourceTree = "<group>"; };
		FBC7811C26EDB5AD0044668A /* SourceLinkView.swift */ = {isa = PBXFileReference; lastKnownFileType = sourcecode.swift; path = SourceLinkView.swift; sourceTree = "<group>"; };
/* End PBXFileReference section */

/* Begin PBXFrameworksBuildPhase section */
		FB80B0F626EC985C0022C225 /* Frameworks */ = {
			isa = PBXFrameworksBuildPhase;
			buildActionMask = 2147483647;
			files = (
			);
			runOnlyForDeploymentPostprocessing = 0;
		};
/* End PBXFrameworksBuildPhase section */

/* Begin PBXGroup section */
		FB80B0F026EC985C0022C225 = {
			isa = PBXGroup;
			children = (
				FB80B0FB26EC985C0022C225 /* Fructus */,
				FB80B0FA26EC985C0022C225 /* Products */,
			);
			sourceTree = "<group>";
		};
		FB80B0FA26EC985C0022C225 /* Products */ = {
			isa = PBXGroup;
			children = (
				FB80B0F926EC985C0022C225 /* Fructus.app */,
			);
			name = Products;
			sourceTree = "<group>";
		};
		FB80B0FB26EC985C0022C225 /* Fructus */ = {
			isa = PBXGroup;
			children = (
				FB80B10E26EC9F4E0022C225 /* App */,
				FB80B10D26EC9F3E0022C225 /* View */,
				FBC7811526ED985E0044668A /* Data */,
				FBC7811226ED96E00044668A /* Model */,
				FB80B10026EC985F0022C225 /* Assets.xcassets */,
				FB80B10526EC985F0022C225 /* Info.plist */,
				FB80B10226EC985F0022C225 /* Preview Content */,
			);
			path = Fructus;
			sourceTree = "<group>";
		};
		FB80B10226EC985F0022C225 /* Preview Content */ = {
			isa = PBXGroup;
			children = (
				FB80B10326EC985F0022C225 /* Preview Assets.xcassets */,
			);
			path = "Preview Content";
			sourceTree = "<group>";
		};
		FB80B10D26EC9F3E0022C225 /* View */ = {
			isa = PBXGroup;
			children = (
				FBC7811A26EDB1DE0044668A /* FruitHeaderView.swift */,
				FBC7811826EDAE180044668A /* FruitDetailView.swift */,
				FB80B10B26EC9F380022C225 /* FruitCardView.swift */,
				FBC7811C26EDB5AD0044668A /* SourceLinkView.swift */,
				FB80B10F26ECA8600022C225 /* StartButtonView.swift */,
				FBC7811626EDA9040044668A /* FruitRowView.swift */,
			);
			path = View;
			sourceTree = "<group>";
		};
		FB80B10E26EC9F4E0022C225 /* App */ = {
			isa = PBXGroup;
			children = (
				FB80B0FC26EC985C0022C225 /* FructusApp.swift */,
				FB80B0FE26EC985C0022C225 /* ContentView.swift */,
				FB80B11126ECABF70022C225 /* OnboardingView.swift */,
			);
			path = App;
			sourceTree = "<group>";
		};
		FBC7811226ED96E00044668A /* Model */ = {
			isa = PBXGroup;
			children = (
				FBC7811026ED96DB0044668A /* FruitModel.swift */,
			);
			path = Model;
			sourceTree = "<group>";
		};
		FBC7811526ED985E0044668A /* Data */ = {
			isa = PBXGroup;
			children = (
				FBC7811326ED985A0044668A /* FruitData.swift */,
			);
			path = Data;
			sourceTree = "<group>";
		};
/* End PBXGroup section */

/* Begin PBXNativeTarget section */
		FB80B0F826EC985C0022C225 /* Fructus */ = {
			isa = PBXNativeTarget;
			buildConfigurationList = FB80B10826EC985F0022C225 /* Build configuration list for PBXNativeTarget "Fructus" */;
			buildPhases = (
				FB80B0F526EC985C0022C225 /* Sources */,
				FB80B0F626EC985C0022C225 /* Frameworks */,
				FB80B0F726EC985C0022C225 /* Resources */,
			);
			buildRules = (
			);
			dependencies = (
			);
			name = Fructus;
			productName = Fructus;
			productReference = FB80B0F926EC985C0022C225 /* Fructus.app */;
			productType = "com.apple.product-type.application";
		};
/* End PBXNativeTarget section */

/* Begin PBXProject section */
		FB80B0F126EC985C0022C225 /* Project object */ = {
			isa = PBXProject;
			attributes = {
				LastSwiftUpdateCheck = 1250;
				LastUpgradeCheck = 1250;
				TargetAttributes = {
					FB80B0F826EC985C0022C225 = {
						CreatedOnToolsVersion = 12.5.1;
					};
				};
			};
			buildConfigurationList = FB80B0F426EC985C0022C225 /* Build configuration list for PBXProject "Fructus" */;
			compatibilityVersion = "Xcode 9.3";
			developmentRegion = en;
			hasScannedForEncodings = 0;
			knownRegions = (
				en,
				Base,
			);
			mainGroup = FB80B0F026EC985C0022C225;
			productRefGroup = FB80B0FA26EC985C0022C225 /* Products */;
			projectDirPath = "";
			projectRoot = "";
			targets = (
				FB80B0F826EC985C0022C225 /* Fructus */,
			);
		};
/* End PBXProject section */

/* Begin PBXResourcesBuildPhase section */
		FB80B0F726EC985C0022C225 /* Resources */ = {
			isa = PBXResourcesBuildPhase;
			buildActionMask = 2147483647;
			files = (
				FB80B10426EC985F0022C225 /* Preview Assets.xcassets in Resources */,
				FB80B10126EC985F0022C225 /* Assets.xcassets in Resources */,
			);
			runOnlyForDeploymentPostprocessing = 0;
		};
/* End PBXResourcesBuildPhase section */

/* Begin PBXSourcesBuildPhase section */
		FB80B0F526EC985C0022C225 /* Sources */ = {
			isa = PBXSourcesBuildPhase;
			buildActionMask = 2147483647;
			files = (
				FBC7811426ED985A0044668A /* FruitData.swift in Sources */,
				FBC7811D26EDB5AD0044668A /* SourceLinkView.swift in Sources */,
				FB80B10C26EC9F380022C225 /* FruitCardView.swift in Sources */,
				FBC7811726EDA9040044668A /* FruitRowView.swift in Sources */,
				FB80B11026ECA8600022C225 /* StartButtonView.swift in Sources */,
				FBC7811926EDAE180044668A /* FruitDetailView.swift in Sources */,
				FB80B0FF26EC985C0022C225 /* ContentView.swift in Sources */,
				FBC7811B26EDB1DE0044668A /* FruitHeaderView.swift in Sources */,
				FB80B11226ECABF70022C225 /* OnboardingView.swift in Sources */,
				FBC7811126ED96DB0044668A /* FruitModel.swift in Sources */,
				FB80B0FD26EC985C0022C225 /* FructusApp.swift in Sources */,
			);
			runOnlyForDeploymentPostprocessing = 0;
		};
/* End PBXSourcesBuildPhase section */

/* Begin XCBuildConfiguration section */
		FB80B10626EC985F0022C225 /* Debug */ = {
			isa = XCBuildConfiguration;
			buildSettings = {
				ALWAYS_SEARCH_USER_PATHS = NO;
				CLANG_ANALYZER_NONNULL = YES;
				CLANG_ANALYZER_NUMBER_OBJECT_CONVERSION = YES_AGGRESSIVE;
				CLANG_CXX_LANGUAGE_STANDARD = "gnu++14";
				CLANG_CXX_LIBRARY = "libc++";
				CLANG_ENABLE_MODULES = YES;
				CLANG_ENABLE_OBJC_ARC = YES;
				CLANG_ENABLE_OBJC_WEAK = YES;
				CLANG_WARN_BLOCK_CAPTURE_AUTORELEASING = YES;
				CLANG_WARN_BOOL_CONVERSION = YES;
				CLANG_WARN_COMMA = YES;
				CLANG_WARN_CONSTANT_CONVERSION = YES;
				CLANG_WARN_DEPRECATED_OBJC_IMPLEMENTATIONS = YES;
				CLANG_WARN_DIRECT_OBJC_ISA_USAGE = YES_ERROR;
				CLANG_WARN_DOCUMENTATION_COMMENTS = YES;
				CLANG_WARN_EMPTY_BODY = YES;
				CLANG_WARN_ENUM_CONVERSION = YES;
				CLANG_WARN_INFINITE_RECURSION = YES;
				CLANG_WARN_INT_CONVERSION = YES;
				CLANG_WARN_NON_LITERAL_NULL_CONVERSION = YES;
				CLANG_WARN_OBJC_IMPLICIT_RETAIN_SELF = YES;
				CLANG_WARN_OBJC_LITERAL_CONVERSION = YES;
				CLANG_WARN_OBJC_ROOT_CLASS = YES_ERROR;
				CLANG_WARN_QUOTED_INCLUDE_IN_FRAMEWORK_HEADER = YES;
				CLANG_WARN_RANGE_LOOP_ANALYSIS = YES;
				CLANG_WARN_STRICT_PROTOTYPES = YES;
				CLANG_WARN_SUSPICIOUS_MOVE = YES;
				CLANG_WARN_UNGUARDED_AVAILABILITY = YES_AGGRESSIVE;
				CLANG_WARN_UNREACHABLE_CODE = YES;
				CLANG_WARN__DUPLICATE_METHOD_MATCH = YES;
				COPY_PHASE_STRIP = NO;
				DEBUG_INFORMATION_FORMAT = dwarf;
				ENABLE_STRICT_OBJC_MSGSEND = YES;
				ENABLE_TESTABILITY = YES;
				GCC_C_LANGUAGE_STANDARD = gnu11;
				GCC_DYNAMIC_NO_PIC = NO;
				GCC_NO_COMMON_BLOCKS = YES;
				GCC_OPTIMIZATION_LEVEL = 0;
				GCC_PREPROCESSOR_DEFINITIONS = (
					"DEBUG=1",
					"$(inherited)",
				);
				GCC_WARN_64_TO_32_BIT_CONVERSION = YES;
				GCC_WARN_ABOUT_RETURN_TYPE = YES_ERROR;
				GCC_WARN_UNDECLARED_SELECTOR = YES;
				GCC_WARN_UNINITIALIZED_AUTOS = YES_AGGRESSIVE;
				GCC_WARN_UNUSED_FUNCTION = YES;
				GCC_WARN_UNUSED_VARIABLE = YES;
				IPHONEOS_DEPLOYMENT_TARGET = 14.5;
				MTL_ENABLE_DEBUG_INFO = INCLUDE_SOURCE;
				MTL_FAST_MATH = YES;
				ONLY_ACTIVE_ARCH = YES;
				SDKROOT = iphoneos;
				SWIFT_ACTIVE_COMPILATION_CONDITIONS = DEBUG;
				SWIFT_OPTIMIZATION_LEVEL = "-Onone";
			};
			name = Debug;
		};
		FB80B10726EC985F0022C225 /* Release */ = {
			isa = XCBuildConfiguration;
			buildSettings = {
				ALWAYS_SEARCH_USER_PATHS = NO;
				CLANG_ANALYZER_NONNULL = YES;
				CLANG_ANALYZER_NUMBER_OBJECT_CONVERSION = YES_AGGRESSIVE;
				CLANG_CXX_LANGUAGE_STANDARD = "gnu++14";
				CLANG_CXX_LIBRARY = "libc++";
				CLANG_ENABLE_MODULES = YES;
				CLANG_ENABLE_OBJC_ARC = YES;
				CLANG_ENABLE_OBJC_WEAK = YES;
				CLANG_WARN_BLOCK_CAPTURE_AUTORELEASING = YES;
				CLANG_WARN_BOOL_CONVERSION = YES;
				CLANG_WARN_COMMA = YES;
				CLANG_WARN_CONSTANT_CONVERSION = YES;
				CLANG_WARN_DEPRECATED_OBJC_IMPLEMENTATIONS = YES;
				CLANG_WARN_DIRECT_OBJC_ISA_USAGE = YES_ERROR;
				CLANG_WARN_DOCUMENTATION_COMMENTS = YES;
				CLANG_WARN_EMPTY_BODY = YES;
				CLANG_WARN_ENUM_CONVERSION = YES;
				CLANG_WARN_INFINITE_RECURSION = YES;
				CLANG_WARN_INT_CONVERSION = YES;
				CLANG_WARN_NON_LITERAL_NULL_CONVERSION = YES;
				CLANG_WARN_OBJC_IMPLICIT_RETAIN_SELF = YES;
				CLANG_WARN_OBJC_LITERAL_CONVERSION = YES;
				CLANG_WARN_OBJC_ROOT_CLASS = YES_ERROR;
				CLANG_WARN_QUOTED_INCLUDE_IN_FRAMEWORK_HEADER = YES;
				CLANG_WARN_RANGE_LOOP_ANALYSIS = YES;
				CLANG_WARN_STRICT_PROTOTYPES = YES;
				CLANG_WARN_SUSPICIOUS_MOVE = YES;
				CLANG_WARN_UNGUARDED_AVAILABILITY = YES_AGGRESSIVE;
				CLANG_WARN_UNREACHABLE_CODE = YES;
				CLANG_WARN__DUPLICATE_METHOD_MATCH = YES;
				COPY_PHASE_STRIP = NO;
				DEBUG_INFORMATION_FORMAT = "dwarf-with-dsym";
				ENABLE_NS_ASSERTIONS = NO;
				ENABLE_STRICT_OBJC_MSGSEND = YES;
				GCC_C_LANGUAGE_STANDARD = gnu11;
				GCC_NO_COMMON_BLOCKS = YES;
				GCC_WARN_64_TO_32_BIT_CONVERSION = YES;
				GCC_WARN_ABOUT_RETURN_TYPE = YES_ERROR;
				GCC_WARN_UNDECLARED_SELECTOR = YES;
				GCC_WARN_UNINITIALIZED_AUTOS = YES_AGGRESSIVE;
				GCC_WARN_UNUSED_FUNCTION = YES;
				GCC_WARN_UNUSED_VARIABLE = YES;
				IPHONEOS_DEPLOYMENT_TARGET = 14.5;
				MTL_ENABLE_DEBUG_INFO = NO;
				MTL_FAST_MATH = YES;
				SDKROOT = iphoneos;
				SWIFT_COMPILATION_MODE = wholemodule;
				SWIFT_OPTIMIZATION_LEVEL = "-O";
				VALIDATE_PRODUCT = YES;
			};
			name = Release;
		};
		FB80B10926EC985F0022C225 /* Debug */ = {
			isa = XCBuildConfiguration;
			buildSettings = {
				ASSETCATALOG_COMPILER_APPICON_NAME = AppIcon;
				ASSETCATALOG_COMPILER_GLOBAL_ACCENT_COLOR_NAME = AccentColor;
				CODE_SIGN_STYLE = Automatic;
				DEVELOPMENT_ASSET_PATHS = "\"Fructus/Preview Content\"";
				ENABLE_PREVIEWS = YES;
				INFOPLIST_FILE = Fructus/Info.plist;
				IPHONEOS_DEPLOYMENT_TARGET = 14.0;
				LD_RUNPATH_SEARCH_PATHS = (
					"$(inherited)",
					"@executable_path/Frameworks",
				);
				PRODUCT_BUNDLE_IDENTIFIER = com.david.Fructus;
				PRODUCT_NAME = "$(TARGET_NAME)";
				SWIFT_VERSION = 5.0;
				TARGETED_DEVICE_FAMILY = "1,2";
			};
			name = Debug;
		};
		FB80B10A26EC985F0022C225 /* Release */ = {
			isa = XCBuildConfiguration;
			buildSettings = {
				ASSETCATALOG_COMPILER_APPICON_NAME = AppIcon;
				ASSETCATALOG_COMPILER_GLOBAL_ACCENT_COLOR_NAME = AccentColor;
				CODE_SIGN_STYLE = Automatic;
				DEVELOPMENT_ASSET_PATHS = "\"Fructus/Preview Content\"";
				ENABLE_PREVIEWS = YES;
				INFOPLIST_FILE = Fructus/Info.plist;
				IPHONEOS_DEPLOYMENT_TARGET = 14.0;
				LD_RUNPATH_SEARCH_PATHS = (
					"$(inherited)",
					"@executable_path/Frameworks",
				);
				PRODUCT_BUNDLE_IDENTIFIER = com.david.Fructus;
				PRODUCT_NAME = "$(TARGET_NAME)";
				SWIFT_VERSION = 5.0;
				TARGETED_DEVICE_FAMILY = "1,2";
			};
			name = Release;
		};
/* End XCBuildConfiguration section */

/* Begin XCConfigurationList section */
		FB80B0F426EC985C0022C225 /* Build configuration list for PBXProject "Fructus" */ = {
			isa = XCConfigurationList;
			buildConfigurations = (
				FB80B10626EC985F0022C225 /* Debug */,
				FB80B10726EC985F0022C225 /* Release */,
			);
			defaultConfigurationIsVisible = 0;
			defaultConfigurationName = Release;
		};
		FB80B10826EC985F0022C225 /* Build configuration list for PBXNativeTarget "Fructus" */ = {
			isa = XCConfigurationList;
			buildConfigurations = (
				FB80B10926EC985F0022C225 /* Debug */,
				FB80B10A26EC985F0022C225 /* Release */,
			);
			defaultConfigurationIsVisible = 0;
			defaultConfigurationName = Release;
		};
/* End XCConfigurationList section */
	};
	rootObject = FB80B0F126EC985C0022C225 /* Project object */;
}
